
Microsoft Visual Studio Solution File, Format Version 12.00
# Visual Studio Version 16
VisualStudioVersion = 16.0.31624.102
MinimumVisualStudioVersion = 10.0.40219.1
Project("{FAE04EC0-301F-11D3-BF4B-00C04F79EFBC}") = "Dice", "Dice\Dice.csproj", "{221715BE-62D4-4D53-B101-6F4ECE86171A}"
EndProject
Project("{FAE04EC0-301F-11D3-BF4B-00C04F79EFBC}") = "Nedarvning", "Nedarvning\Nedarvning.csproj", "{302AF25B-3DF4-433C-8569-EDB6CC8DB8DA}"
EndProject
Project("{FAE04EC0-301F-11D3-BF4B-00C04F79EFBC}") = "Figurer", "Figurer\Figurer.csproj", "{98924D2B-3C22-45D3-A1F5-7582AE171377}"
EndProject
Project("{FAE04EC0-301F-11D3-BF4B-00C04F79EFBC}") = "Krig", "Krig\Krig.csproj", "{D0012B9A-4998-4085-BE7D-D46666BA968A}"
EndProject
Global
	GlobalSection(SolutionConfigurationPlatforms) = preSolution
		Debug|Any CPU = Debug|Any CPU
		Release|Any CPU = Release|Any CPU
	EndGlobalSection
	GlobalSection(ProjectConfigurationPlatforms) = postSolution
		{221715BE-62D4-4D53-B101-6F4ECE86171A}.Debug|Any CPU.ActiveCfg = Debug|Any CPU
		{221715BE-62D4-4D53-B101-6F4ECE86171A}.Debug|Any CPU.Build.0 = Debug|Any CPU
		{221715BE-62D4-4D53-B101-6F4ECE86171A}.Release|Any CPU.ActiveCfg = Release|Any CPU
		{221715BE-62D4-4D53-B101-6F4ECE86171A}.Release|Any CPU.Build.0 = Release|Any CPU
		{302AF25B-3DF4-433C-8569-EDB6CC8DB8DA}.Debug|Any CPU.ActiveCfg = Debug|Any CPU
		{302AF25B-3DF4-433C-8569-EDB6CC8DB8DA}.Debug|Any CPU.Build.0 = Debug|Any CPU
		{302AF25B-3DF4-433C-8569-EDB6CC8DB8DA}.Release|Any CPU.ActiveCfg = Release|Any CPU
		{302AF25B-3DF4-433C-8569-EDB6CC8DB8DA}.Release|Any CPU.Build.0 = Release|Any CPU
		{98924D2B-3C22-45D3-A1F5-7582AE171377}.Debug|Any CPU.ActiveCfg = Debug|Any CPU
		{98924D2B-3C22-45D3-A1F5-7582AE171377}.Debug|Any CPU.Build.0 = Debug|Any CPU
		{98924D2B-3C22-45D3-A1F5-7582AE171377}.Release|Any CPU.ActiveCfg = Release|Any CPU
		{98924D2B-3C22-45D3-A1F5-7582AE171377}.Release|Any CPU.Build.0 = Release|Any CPU
		{D0012B9A-4998-4085-BE7D-D46666BA968A}.Debug|Any CPU.ActiveCfg = Debug|Any CPU
		{D0012B9A-4998-4085-BE7D-D46666BA968A}.Debug|Any CPU.Build.0 = Debug|Any CPU
		{D0012B9A-4998-4085-BE7D-D46666BA968A}.Release|Any CPU.ActiveCfg = Release|Any CPU
		{D0012B9A-4998-4085-BE7D-D46666BA968A}.Release|Any CPU.Build.0 = Release|Any CPU
	EndGlobalSection
	GlobalSection(SolutionProperties) = preSolution
		HideSolutionNode = FALSE
	EndGlobalSection
	GlobalSection(ExtensibilityGlobals) = postSolution
		SolutionGuid = {612F03F5-3873-420B-B96C-BE27ADF9A2D5}
	EndGlobalSection
EndGlobal
