
Microsoft Visual Studio Solution File, Format Version 12.00
# Visual Studio Version 16
VisualStudioVersion = 16.0.31624.102
MinimumVisualStudioVersion = 10.0.40219.1
Project("{9A19103F-16F7-4668-BE54-9A1E7A4F7556}") = "Songwriter", "Songwriter\Songwriter.csproj", "{59339773-88CB-41E3-BFDE-6DCB87F203A8}"
EndProject
Project("{9A19103F-16F7-4668-BE54-9A1E7A4F7556}") = "InchConverter", "InchConverter\InchConverter.csproj", "{3F63BEF7-9E31-4427-99D4-7FA15A761A2B}"
EndProject
Project("{9A19103F-16F7-4668-BE54-9A1E7A4F7556}") = "InteractiveInchConverter", "InteractiveInchConverter\InteractiveInchConverter.csproj", "{AF5C4D42-F316-4002-A95F-746A951DBFBF}"
EndProject
Project("{FAE04EC0-301F-11D3-BF4B-00C04F79EFBC}") = "FizzBuzz", "FizzBuzz\FizzBuzz.csproj", "{5925A071-CBD9-4D15-AE96-725C61908B39}"
EndProject
Project("{FAE04EC0-301F-11D3-BF4B-00C04F79EFBC}") = "Palindromes", "Palindromes\Palindromes.csproj", "{3FCBE2B3-E0AF-49D1-8A91-5926BA6FD50C}"
EndProject
Global
	GlobalSection(SolutionConfigurationPlatforms) = preSolution
		Debug|Any CPU = Debug|Any CPU
		Release|Any CPU = Release|Any CPU
	EndGlobalSection
	GlobalSection(ProjectConfigurationPlatforms) = postSolution
		{59339773-88CB-41E3-BFDE-6DCB87F203A8}.Debug|Any CPU.ActiveCfg = Debug|Any CPU
		{59339773-88CB-41E3-BFDE-6DCB87F203A8}.Debug|Any CPU.Build.0 = Debug|Any CPU
		{59339773-88CB-41E3-BFDE-6DCB87F203A8}.Release|Any CPU.ActiveCfg = Release|Any CPU
		{59339773-88CB-41E3-BFDE-6DCB87F203A8}.Release|Any CPU.Build.0 = Release|Any CPU
		{3F63BEF7-9E31-4427-99D4-7FA15A761A2B}.Debug|Any CPU.ActiveCfg = Debug|Any CPU
		{3F63BEF7-9E31-4427-99D4-7FA15A761A2B}.Debug|Any CPU.Build.0 = Debug|Any CPU
		{3F63BEF7-9E31-4427-99D4-7FA15A761A2B}.Release|Any CPU.ActiveCfg = Release|Any CPU
		{3F63BEF7-9E31-4427-99D4-7FA15A761A2B}.Release|Any CPU.Build.0 = Release|Any CPU
		{AF5C4D42-F316-4002-A95F-746A951DBFBF}.Debug|Any CPU.ActiveCfg = Debug|Any CPU
		{AF5C4D42-F316-4002-A95F-746A951DBFBF}.Debug|Any CPU.Build.0 = Debug|Any CPU
		{AF5C4D42-F316-4002-A95F-746A951DBFBF}.Release|Any CPU.ActiveCfg = Release|Any CPU
		{AF5C4D42-F316-4002-A95F-746A951DBFBF}.Release|Any CPU.Build.0 = Release|Any CPU
		{5925A071-CBD9-4D15-AE96-725C61908B39}.Debug|Any CPU.ActiveCfg = Debug|Any CPU
		{5925A071-CBD9-4D15-AE96-725C61908B39}.Debug|Any CPU.Build.0 = Debug|Any CPU
		{5925A071-CBD9-4D15-AE96-725C61908B39}.Release|Any CPU.ActiveCfg = Release|Any CPU
		{5925A071-CBD9-4D15-AE96-725C61908B39}.Release|Any CPU.Build.0 = Release|Any CPU
		{3FCBE2B3-E0AF-49D1-8A91-5926BA6FD50C}.Debug|Any CPU.ActiveCfg = Debug|Any CPU
		{3FCBE2B3-E0AF-49D1-8A91-5926BA6FD50C}.Debug|Any CPU.Build.0 = Debug|Any CPU
		{3FCBE2B3-E0AF-49D1-8A91-5926BA6FD50C}.Release|Any CPU.ActiveCfg = Release|Any CPU
		{3FCBE2B3-E0AF-49D1-8A91-5926BA6FD50C}.Release|Any CPU.Build.0 = Release|Any CPU
	EndGlobalSection
	GlobalSection(SolutionProperties) = preSolution
		HideSolutionNode = FALSE
	EndGlobalSection
	GlobalSection(ExtensibilityGlobals) = postSolution
		SolutionGuid = {C1ABC5A8-0123-4447-B436-21A50D0F841F}
	EndGlobalSection
EndGlobal
