
Microsoft Visual Studio Solution File, Format Version 12.00
# Visual Studio Version 16
VisualStudioVersion = 16.0.31624.102
MinimumVisualStudioVersion = 10.0.40219.1
Project("{9A19103F-16F7-4668-BE54-9A1E7A4F7556}") = "Krig", "Krig\Krig.csproj", "{D0012B9A-4998-4085-BE7D-D46666BA968A}"
EndProject
Global
	GlobalSection(SolutionConfigurationPlatforms) = preSolution
		Debug|Any CPU = Debug|Any CPU
		Release|Any CPU = Release|Any CPU
	EndGlobalSection
	GlobalSection(ProjectConfigurationPlatforms) = postSolution
		{D0012B9A-4998-4085-BE7D-D46666BA968A}.Debug|Any CPU.ActiveCfg = Debug|Any CPU
		{D0012B9A-4998-4085-BE7D-D46666BA968A}.Debug|Any CPU.Build.0 = Debug|Any CPU
		{D0012B9A-4998-4085-BE7D-D46666BA968A}.Release|Any CPU.ActiveCfg = Release|Any CPU
		{D0012B9A-4998-4085-BE7D-D46666BA968A}.Release|Any CPU.Build.0 = Release|Any CPU
	EndGlobalSection
	GlobalSection(SolutionProperties) = preSolution
		HideSolutionNode = FALSE
	EndGlobalSection
	GlobalSection(ExtensibilityGlobals) = postSolution
		SolutionGuid = {612F03F5-3873-420B-B96C-BE27ADF9A2D5}
	EndGlobalSection
EndGlobal
